// !$*UTF8*$!
{
	archiveVersion = 1;
	classes = {
	};
	objectVersion = 46;
	objects = {

/* Begin PBXBuildFile section */
		8964ACC91BD6256600E5503B /* AppDelegate.swift in Sources */ = {isa = PBXBuildFile; fileRef = 8964ACC81BD6256600E5503B /* AppDelegate.swift */; };
		8964ACCB1BD6256600E5503B /* GameViewController.swift in Sources */ = {isa = PBXBuildFile; fileRef = 8964ACCA1BD6256600E5503B /* GameViewController.swift */; };
		8964ACCD1BD6256600E5503B /* Shaders.metal in Sources */ = {isa = PBXBuildFile; fileRef = 8964ACCC1BD6256600E5503B /* Shaders.metal */; };
		8964ACD01BD6256600E5503B /* Main.storyboard in Resources */ = {isa = PBXBuildFile; fileRef = 8964ACCE1BD6256600E5503B /* Main.storyboard */; };
		8964ACD21BD6256600E5503B /* Assets.xcassets in Resources */ = {isa = PBXBuildFile; fileRef = 8964ACD11BD6256600E5503B /* Assets.xcassets */; };
		8964ACD51BD6256600E5503B /* LaunchScreen.storyboard in Resources */ = {isa = PBXBuildFile; fileRef = 8964ACD31BD6256600E5503B /* LaunchScreen.storyboard */; };
		8964ACE01BD6256600E5503B /* tekitoTests.swift in Sources */ = {isa = PBXBuildFile; fileRef = 8964ACDF1BD6256600E5503B /* tekitoTests.swift */; };
		8964ACEB1BD6256600E5503B /* tekitoUITests.swift in Sources */ = {isa = PBXBuildFile; fileRef = 8964ACEA1BD6256600E5503B /* tekitoUITests.swift */; };
/* End PBXBuildFile section */

/* Begin PBXContainerItemProxy section */
		8964ACDC1BD6256600E5503B /* PBXContainerItemProxy */ = {
			isa = PBXContainerItemProxy;
			containerPortal = 8964ACBD1BD6256600E5503B /* Project object */;
			proxyType = 1;
			remoteGlobalIDString = 8964ACC41BD6256600E5503B;
			remoteInfo = tekito;
		};
		8964ACE71BD6256600E5503B /* PBXContainerItemProxy */ = {
			isa = PBXContainerItemProxy;
			containerPortal = 8964ACBD1BD6256600E5503B /* Project object */;
			proxyType = 1;
			remoteGlobalIDString = 8964ACC41BD6256600E5503B;
			remoteInfo = tekito;
		};
/* End PBXContainerItemProxy section */

/* Begin PBXFileReference section */
		8964ACC51BD6256600E5503B /* tekito.app */ = {isa = PBXFileReference; explicitFileType = wrapper.application; includeInIndex = 0; path = tekito.app; sourceTree = BUILT_PRODUCTS_DIR; };
		8964ACC81BD6256600E5503B /* AppDelegate.swift */ = {isa = PBXFileReference; lastKnownFileType = sourcecode.swift; path = AppDelegate.swift; sourceTree = "<group>"; };
		8964ACCA1BD6256600E5503B /* GameViewController.swift */ = {isa = PBXFileReference; lastKnownFileType = sourcecode.swift; path = GameViewController.swift; sourceTree = "<group>"; };
		8964ACCC1BD6256600E5503B /* Shaders.metal */ = {isa = PBXFileReference; lastKnownFileType = sourcecode.metal; path = Shaders.metal; sourceTree = "<group>"; };
		8964ACCF1BD6256600E5503B /* Base */ = {isa = PBXFileReference; lastKnownFileType = file.storyboard; name = Base; path = Base.lproj/Main.storyboard; sourceTree = "<group>"; };
		8964ACD11BD6256600E5503B /* Assets.xcassets */ = {isa = PBXFileReference; lastKnownFileType = folder.assetcatalog; path = Assets.xcassets; sourceTree = "<group>"; };
		8964ACD41BD6256600E5503B /* Base */ = {isa = PBXFileReference; lastKnownFileType = file.storyboard; name = Base; path = Base.lproj/LaunchScreen.storyboard; sourceTree = "<group>"; };
		8964ACD61BD6256600E5503B /* Info.plist */ = {isa = PBXFileReference; lastKnownFileType = text.plist.xml; path = Info.plist; sourceTree = "<group>"; };
		8964ACDB1BD6256600E5503B /* tekitoTests.xctest */ = {isa = PBXFileReference; explicitFileType = wrapper.cfbundle; includeInIndex = 0; path = tekitoTests.xctest; sourceTree = BUILT_PRODUCTS_DIR; };
		8964ACDF1BD6256600E5503B /* tekitoTests.swift */ = {isa = PBXFileReference; lastKnownFileType = sourcecode.swift; path = tekitoTests.swift; sourceTree = "<group>"; };
		8964ACE11BD6256600E5503B /* Info.plist */ = {isa = PBXFileReference; lastKnownFileType = text.plist.xml; path = Info.plist; sourceTree = "<group>"; };
		8964ACE61BD6256600E5503B /* tekitoUITests.xctest */ = {isa = PBXFileReference; explicitFileType = wrapper.cfbundle; includeInIndex = 0; path = tekitoUITests.xctest; sourceTree = BUILT_PRODUCTS_DIR; };
		8964ACEA1BD6256600E5503B /* tekitoUITests.swift */ = {isa = PBXFileReference; lastKnownFileType = sourcecode.swift; path = tekitoUITests.swift; sourceTree = "<group>"; };
		8964ACEC1BD6256600E5503B /* Info.plist */ = {isa = PBXFileReference; lastKnownFileType = text.plist.xml; path = Info.plist; sourceTree = "<group>"; };
/* End PBXFileReference section */

/* Begin PBXFrameworksBuildPhase section */
		8964ACC21BD6256600E5503B /* Frameworks */ = {
			isa = PBXFrameworksBuildPhase;
			buildActionMask = 2147483647;
			files = (
			);
			runOnlyForDeploymentPostprocessing = 0;
		};
		8964ACD81BD6256600E5503B /* Frameworks */ = {
			isa = PBXFrameworksBuildPhase;
			buildActionMask = 2147483647;
			files = (
			);
			runOnlyForDeploymentPostprocessing = 0;
		};
		8964ACE31BD6256600E5503B /* Frameworks */ = {
			isa = PBXFrameworksBuildPhase;
			buildActionMask = 2147483647;
			files = (
			);
			runOnlyForDeploymentPostprocessing = 0;
		};
/* End PBXFrameworksBuildPhase section */

/* Begin PBXGroup section */
		8964ACBC1BD6256600E5503B = {
			isa = PBXGroup;
			children = (
				8964ACC71BD6256600E5503B /* tekito */,
				8964ACDE1BD6256600E5503B /* tekitoTests */,
				8964ACE91BD6256600E5503B /* tekitoUITests */,
				8964ACC61BD6256600E5503B /* Products */,
			);
			sourceTree = "<group>";
		};
		8964ACC61BD6256600E5503B /* Products */ = {
			isa = PBXGroup;
			children = (
				8964ACC51BD6256600E5503B /* tekito.app */,
				8964ACDB1BD6256600E5503B /* tekitoTests.xctest */,
				8964ACE61BD6256600E5503B /* tekitoUITests.xctest */,
			);
			name = Products;
			sourceTree = "<group>";
		};
		8964ACC71BD6256600E5503B /* tekito */ = {
			isa = PBXGroup;
			children = (
				8964ACC81BD6256600E5503B /* AppDelegate.swift */,
				8964ACCA1BD6256600E5503B /* GameViewController.swift */,
				8964ACCC1BD6256600E5503B /* Shaders.metal */,
				8964ACCE1BD6256600E5503B /* Main.storyboard */,
				8964ACD11BD6256600E5503B /* Assets.xcassets */,
				8964ACD31BD6256600E5503B /* LaunchScreen.storyboard */,
				8964ACD61BD6256600E5503B /* Info.plist */,
			);
			path = tekito;
			sourceTree = "<group>";
		};
		8964ACDE1BD6256600E5503B /* tekitoTests */ = {
			isa = PBXGroup;
			children = (
				8964ACDF1BD6256600E5503B /* tekitoTests.swift */,
				8964ACE11BD6256600E5503B /* Info.plist */,
			);
			path = tekitoTests;
			sourceTree = "<group>";
		};
		8964ACE91BD6256600E5503B /* tekitoUITests */ = {
			isa = PBXGroup;
			children = (
				8964ACEA1BD6256600E5503B /* tekitoUITests.swift */,
				8964ACEC1BD6256600E5503B /* Info.plist */,
			);
			path = tekitoUITests;
			sourceTree = "<group>";
		};
/* End PBXGroup section */

/* Begin PBXNativeTarget section */
		8964ACC41BD6256600E5503B /* tekito */ = {
			isa = PBXNativeTarget;
			buildConfigurationList = 8964ACEF1BD6256600E5503B /* Build configuration list for PBXNativeTarget "tekito" */;
			buildPhases = (
				8964ACC11BD6256600E5503B /* Sources */,
				8964ACC21BD6256600E5503B /* Frameworks */,
				8964ACC31BD6256600E5503B /* Resources */,
			);
			buildRules = (
			);
			dependencies = (
			);
			name = tekito;
			productName = tekito;
			productReference = 8964ACC51BD6256600E5503B /* tekito.app */;
			productType = "com.apple.product-type.application";
		};
		8964ACDA1BD6256600E5503B /* tekitoTests */ = {
			isa = PBXNativeTarget;
			buildConfigurationList = 8964ACF21BD6256600E5503B /* Build configuration list for PBXNativeTarget "tekitoTests" */;
			buildPhases = (
				8964ACD71BD6256600E5503B /* Sources */,
				8964ACD81BD6256600E5503B /* Frameworks */,
				8964ACD91BD6256600E5503B /* Resources */,
			);
			buildRules = (
			);
			dependencies = (
				8964ACDD1BD6256600E5503B /* PBXTargetDependency */,
			);
			name = tekitoTests;
			productName = tekitoTests;
			productReference = 8964ACDB1BD6256600E5503B /* tekitoTests.xctest */;
			productType = "com.apple.product-type.bundle.unit-test";
		};
		8964ACE51BD6256600E5503B /* tekitoUITests */ = {
			isa = PBXNativeTarget;
			buildConfigurationList = 8964ACF51BD6256600E5503B /* Build configuration list for PBXNativeTarget "tekitoUITests" */;
			buildPhases = (
				8964ACE21BD6256600E5503B /* Sources */,
				8964ACE31BD6256600E5503B /* Frameworks */,
				8964ACE41BD6256600E5503B /* Resources */,
			);
			buildRules = (
			);
			dependencies = (
				8964ACE81BD6256600E5503B /* PBXTargetDependency */,
			);
			name = tekitoUITests;
			productName = tekitoUITests;
			productReference = 8964ACE61BD6256600E5503B /* tekitoUITests.xctest */;
			productType = "com.apple.product-type.bundle.ui-testing";
		};
/* End PBXNativeTarget section */

/* Begin PBXProject section */
		8964ACBD1BD6256600E5503B /* Project object */ = {
			isa = PBXProject;
			attributes = {
				LastSwiftUpdateCheck = 0710;
				LastUpgradeCheck = 0710;
				ORGANIZATIONNAME = "児玉晋";
				TargetAttributes = {
					8964ACC41BD6256600E5503B = {
						CreatedOnToolsVersion = 7.1;
					};
					8964ACDA1BD6256600E5503B = {
						CreatedOnToolsVersion = 7.1;
						TestTargetID = 8964ACC41BD6256600E5503B;
					};
					8964ACE51BD6256600E5503B = {
						CreatedOnToolsVersion = 7.1;
						TestTargetID = 8964ACC41BD6256600E5503B;
					};
				};
			};
			buildConfigurationList = 8964ACC01BD6256600E5503B /* Build configuration list for PBXProject "tekito" */;
			compatibilityVersion = "Xcode 3.2";
			developmentRegion = English;
			hasScannedForEncodings = 0;
			knownRegions = (
				en,
				Base,
			);
			mainGroup = 8964ACBC1BD6256600E5503B;
			productRefGroup = 8964ACC61BD6256600E5503B /* Products */;
			projectDirPath = "";
			projectRoot = "";
			targets = (
				8964ACC41BD6256600E5503B /* tekito */,
				8964ACDA1BD6256600E5503B /* tekitoTests */,
				8964ACE51BD6256600E5503B /* tekitoUITests */,
			);
		};
/* End PBXProject section */

/* Begin PBXResourcesBuildPhase section */
		8964ACC31BD6256600E5503B /* Resources */ = {
			isa = PBXResourcesBuildPhase;
			buildActionMask = 2147483647;
			files = (
				8964ACD51BD6256600E5503B /* LaunchScreen.storyboard in Resources */,
				8964ACD21BD6256600E5503B /* Assets.xcassets in Resources */,
				8964ACD01BD6256600E5503B /* Main.storyboard in Resources */,
			);
			runOnlyForDeploymentPostprocessing = 0;
		};
		8964ACD91BD6256600E5503B /* Resources */ = {
			isa = PBXResourcesBuildPhase;
			buildActionMask = 2147483647;
			files = (
			);
			runOnlyForDeploymentPostprocessing = 0;
		};
		8964ACE41BD6256600E5503B /* Resources */ = {
			isa = PBXResourcesBuildPhase;
			buildActionMask = 2147483647;
			files = (
			);
			runOnlyForDeploymentPostprocessing = 0;
		};
/* End PBXResourcesBuildPhase section */

/* Begin PBXSourcesBuildPhase section */
		8964ACC11BD6256600E5503B /* Sources */ = {
			isa = PBXSourcesBuildPhase;
			buildActionMask = 2147483647;
			files = (
				8964ACCD1BD6256600E5503B /* Shaders.metal in Sources */,
				8964ACCB1BD6256600E5503B /* GameViewController.swift in Sources */,
				8964ACC91BD6256600E5503B /* AppDelegate.swift in Sources */,
			);
			runOnlyForDeploymentPostprocessing = 0;
		};
		8964ACD71BD6256600E5503B /* Sources */ = {
			isa = PBXSourcesBuildPhase;
			buildActionMask = 2147483647;
			files = (
				8964ACE01BD6256600E5503B /* tekitoTests.swift in Sources */,
			);
			runOnlyForDeploymentPostprocessing = 0;
		};
		8964ACE21BD6256600E5503B /* Sources */ = {
			isa = PBXSourcesBuildPhase;
			buildActionMask = 2147483647;
			files = (
				8964ACEB1BD6256600E5503B /* tekitoUITests.swift in Sources */,
			);
			runOnlyForDeploymentPostprocessing = 0;
		};
/* End PBXSourcesBuildPhase section */

/* Begin PBXTargetDependency section */
		8964ACDD1BD6256600E5503B /* PBXTargetDependency */ = {
			isa = PBXTargetDependency;
			target = 8964ACC41BD6256600E5503B /* tekito */;
			targetProxy = 8964ACDC1BD6256600E5503B /* PBXContainerItemProxy */;
		};
		8964ACE81BD6256600E5503B /* PBXTargetDependency */ = {
			isa = PBXTargetDependency;
			target = 8964ACC41BD6256600E5503B /* tekito */;
			targetProxy = 8964ACE71BD6256600E5503B /* PBXContainerItemProxy */;
		};
/* End PBXTargetDependency section */

/* Begin PBXVariantGroup section */
		8964ACCE1BD6256600E5503B /* Main.storyboard */ = {
			isa = PBXVariantGroup;
			children = (
				8964ACCF1BD6256600E5503B /* Base */,
			);
			name = Main.storyboard;
			sourceTree = "<group>";
		};
		8964ACD31BD6256600E5503B /* LaunchScreen.storyboard */ = {
			isa = PBXVariantGroup;
			children = (
				8964ACD41BD6256600E5503B /* Base */,
			);
			name = LaunchScreen.storyboard;
			sourceTree = "<group>";
		};
/* End PBXVariantGroup section */

/* Begin XCBuildConfiguration section */
		8964ACED1BD6256600E5503B /* Debug */ = {
			isa = XCBuildConfiguration;
			buildSettings = {
				ALWAYS_SEARCH_USER_PATHS = NO;
				CLANG_CXX_LANGUAGE_STANDARD = "gnu++0x";
				CLANG_CXX_LIBRARY = "libc++";
				CLANG_ENABLE_MODULES = YES;
				CLANG_ENABLE_OBJC_ARC = YES;
				CLANG_WARN_BOOL_CONVERSION = YES;
				CLANG_WARN_CONSTANT_CONVERSION = YES;
				CLANG_WARN_DIRECT_OBJC_ISA_USAGE = YES_ERROR;
				CLANG_WARN_EMPTY_BODY = YES;
				CLANG_WARN_ENUM_CONVERSION = YES;
				CLANG_WARN_INT_CONVERSION = YES;
				CLANG_WARN_OBJC_ROOT_CLASS = YES_ERROR;
				CLANG_WARN_UNREACHABLE_CODE = YES;
				CLANG_WARN__DUPLICATE_METHOD_MATCH = YES;
				"CODE_SIGN_IDENTITY[sdk=iphoneos*]" = "iPhone Developer";
				COPY_PHASE_STRIP = NO;
				DEBUG_INFORMATION_FORMAT = "dwarf-with-dsym";
				ENABLE_STRICT_OBJC_MSGSEND = YES;
				ENABLE_TESTABILITY = YES;
				GCC_C_LANGUAGE_STANDARD = gnu99;
				GCC_DYNAMIC_NO_PIC = NO;
				GCC_NO_COMMON_BLOCKS = YES;
				GCC_OPTIMIZATION_LEVEL = 0;
				GCC_PREPROCESSOR_DEFINITIONS = (
					"DEBUG=1",
					"$(inherited)",
				);
				GCC_WARN_64_TO_32_BIT_CONVERSION = YES;
				GCC_WARN_ABOUT_RETURN_TYPE = YES_ERROR;
				GCC_WARN_UNDECLARED_SELECTOR = YES;
				GCC_WARN_UNINITIALIZED_AUTOS = YES_AGGRESSIVE;
				GCC_WARN_UNUSED_FUNCTION = YES;
				GCC_WARN_UNUSED_VARIABLE = YES;
				IPHONEOS_DEPLOYMENT_TARGET = 9.1;
				MTL_ENABLE_DEBUG_INFO = YES;
				ONLY_ACTIVE_ARCH = YES;
				SDKROOT = iphoneos;
				SWIFT_OPTIMIZATION_LEVEL = "-Onone";
				TARGETED_DEVICE_FAMILY = "1,2";
			};
			name = Debug;
		};
		8964ACEE1BD6256600E5503B /* Release */ = {
			isa = XCBuildConfiguration;
			buildSettings = {
				ALWAYS_SEARCH_USER_PATHS = NO;
				CLANG_CXX_LANGUAGE_STANDARD = "gnu++0x";
				CLANG_CXX_LIBRARY = "libc++";
				CLANG_ENABLE_MODULES = YES;
				CLANG_ENABLE_OBJC_ARC = YES;
				CLANG_WARN_BOOL_CONVERSION = YES;
				CLANG_WARN_CONSTANT_CONVERSION = YES;
				CLANG_WARN_DIRECT_OBJC_ISA_USAGE = YES_ERROR;
				CLANG_WARN_EMPTY_BODY = YES;
				CLANG_WARN_ENUM_CONVERSION = YES;
				CLANG_WARN_INT_CONVERSION = YES;
				CLANG_WARN_OBJC_ROOT_CLASS = YES_ERROR;
				CLANG_WARN_UNREACHABLE_CODE = YES;
				CLANG_WARN__DUPLICATE_METHOD_MATCH = YES;
				"CODE_SIGN_IDENTITY[sdk=iphoneos*]" = "iPhone Developer";
				COPY_PHASE_STRIP = NO;
				DEBUG_INFORMATION_FORMAT = "dwarf-with-dsym";
				ENABLE_NS_ASSERTIONS = NO;
				ENABLE_STRICT_OBJC_MSGSEND = YES;
				GCC_C_LANGUAGE_STANDARD = gnu99;
				GCC_NO_COMMON_BLOCKS = YES;
				GCC_WARN_64_TO_32_BIT_CONVERSION = YES;
				GCC_WARN_ABOUT_RETURN_TYPE = YES_ERROR;
				GCC_WARN_UNDECLARED_SELECTOR = YES;
				GCC_WARN_UNINITIALIZED_AUTOS = YES_AGGRESSIVE;
				GCC_WARN_UNUSED_FUNCTION = YES;
				GCC_WARN_UNUSED_VARIABLE = YES;
				IPHONEOS_DEPLOYMENT_TARGET = 9.1;
				MTL_ENABLE_DEBUG_INFO = NO;
				SDKROOT = iphoneos;
				TARGETED_DEVICE_FAMILY = "1,2";
				VALIDATE_PRODUCT = YES;
			};
			name = Release;
		};
		8964ACF01BD6256600E5503B /* Debug */ = {
			isa = XCBuildConfiguration;
			buildSettings = {
				ASSETCATALOG_COMPILER_APPICON_NAME = AppIcon;
				INFOPLIST_FILE = tekito/Info.plist;
				LD_RUNPATH_SEARCH_PATHS = "$(inherited) @executable_path/Frameworks";
				PRODUCT_BUNDLE_IDENTIFIER = kdm.tekito;
				PRODUCT_NAME = "$(TARGET_NAME)";
			};
			name = Debug;
		};
		8964ACF11BD6256600E5503B /* Release */ = {
			isa = XCBuildConfiguration;
			buildSettings = {
				ASSETCATALOG_COMPILER_APPICON_NAME = AppIcon;
				INFOPLIST_FILE = tekito/Info.plist;
				LD_RUNPATH_SEARCH_PATHS = "$(inherited) @executable_path/Frameworks";
				PRODUCT_BUNDLE_IDENTIFIER = kdm.tekito;
				PRODUCT_NAME = "$(TARGET_NAME)";
			};
			name = Release;
		};
		8964ACF31BD6256600E5503B /* Debug */ = {
			isa = XCBuildConfiguration;
			buildSettings = {
				BUNDLE_LOADER = "$(TEST_HOST)";
				DEBUG_INFORMATION_FORMAT = dwarf;
				INFOPLIST_FILE = tekitoTests/Info.plist;
				LD_RUNPATH_SEARCH_PATHS = "$(inherited) @executable_path/Frameworks @loader_path/Frameworks";
				PRODUCT_BUNDLE_IDENTIFIER = kdm.tekitoTests;
				PRODUCT_NAME = "$(TARGET_NAME)";
				TEST_HOST = "$(BUILT_PRODUCTS_DIR)/tekito.app/tekito";
			};
			name = Debug;
		};
		8964ACF41BD6256600E5503B /* Release */ = {
			isa = XCBuildConfiguration;
			buildSettings = {
				BUNDLE_LOADER = "$(TEST_HOST)";
				INFOPLIST_FILE = tekitoTests/Info.plist;
				LD_RUNPATH_SEARCH_PATHS = "$(inherited) @executable_path/Frameworks @loader_path/Frameworks";
				PRODUCT_BUNDLE_IDENTIFIER = kdm.tekitoTests;
				PRODUCT_NAME = "$(TARGET_NAME)";
				TEST_HOST = "$(BUILT_PRODUCTS_DIR)/tekito.app/tekito";
			};
			name = Release;
		};
		8964ACF61BD6256600E5503B /* Debug */ = {
			isa = XCBuildConfiguration;
			buildSettings = {
				DEBUG_INFORMATION_FORMAT = dwarf;
				INFOPLIST_FILE = tekitoUITests/Info.plist;
				LD_RUNPATH_SEARCH_PATHS = "$(inherited) @executable_path/Frameworks @loader_path/Frameworks";
				PRODUCT_BUNDLE_IDENTIFIER = kdm.tekitoUITests;
				PRODUCT_NAME = "$(TARGET_NAME)";
				TEST_TARGET_NAME = tekito;
				USES_XCTRUNNER = YES;
			};
			name = Debug;
		};
		8964ACF71BD6256600E5503B /* Release */ = {
			isa = XCBuildConfiguration;
			buildSettings = {
				INFOPLIST_FILE = tekitoUITests/Info.plist;
				LD_RUNPATH_SEARCH_PATHS = "$(inherited) @executable_path/Frameworks @loader_path/Frameworks";
				PRODUCT_BUNDLE_IDENTIFIER = kdm.tekitoUITests;
				PRODUCT_NAME = "$(TARGET_NAME)";
				TEST_TARGET_NAME = tekito;
				USES_XCTRUNNER = YES;
			};
			name = Release;
		};
/* End XCBuildConfiguration section */

/* Begin XCConfigurationList section */
		8964ACC01BD6256600E5503B /* Build configuration list for PBXProject "tekito" */ = {
			isa = XCConfigurationList;
			buildConfigurations = (
				8964ACED1BD6256600E5503B /* Debug */,
				8964ACEE1BD6256600E5503B /* Release */,
			);
			defaultConfigurationIsVisible = 0;
			defaultConfigurationName = Release;
		};
		8964ACEF1BD6256600E5503B /* Build configuration list for PBXNativeTarget "tekito" */ = {
			isa = XCConfigurationList;
			buildConfigurations = (
				8964ACF01BD6256600E5503B /* Debug */,
				8964ACF11BD6256600E5503B /* Release */,
			);
			defaultConfigurationIsVisible = 0;
		};
		8964ACF21BD6256600E5503B /* Build configuration list for PBXNativeTarget "tekitoTests" */ = {
			isa = XCConfigurationList;
			buildConfigurations = (
				8964ACF31BD6256600E5503B /* Debug */,
				8964ACF41BD6256600E5503B /* Release */,
			);
			defaultConfigurationIsVisible = 0;
		};
		8964ACF51BD6256600E5503B /* Build configuration list for PBXNativeTarget "tekitoUITests" */ = {
			isa = XCConfigurationList;
			buildConfigurations = (
				8964ACF61BD6256600E5503B /* Debug */,
				8964ACF71BD6256600E5503B /* Release */,
			);
			defaultConfigurationIsVisible = 0;
		};
/* End XCConfigurationList section */
	};
	rootObject = 8964ACBD1BD6256600E5503B /* Project object */;
}
