// !$*UTF8*$!
{
	archiveVersion = 1;
	classes = {
	};
	objectVersion = 46;
	objects = {

/* Begin PBXBuildFile section */
		8964AD051BD6263300E5503B /* AppDelegate.swift in Sources */ = {isa = PBXBuildFile; fileRef = 8964AD041BD6263300E5503B /* AppDelegate.swift */; };
		8964AD071BD6263300E5503B /* GameViewController.swift in Sources */ = {isa = PBXBuildFile; fileRef = 8964AD061BD6263300E5503B /* GameViewController.swift */; };
		8964AD091BD6263300E5503B /* Shaders.metal in Sources */ = {isa = PBXBuildFile; fileRef = 8964AD081BD6263300E5503B /* Shaders.metal */; };
		8964AD0C1BD6263300E5503B /* Main.storyboard in Resources */ = {isa = PBXBuildFile; fileRef = 8964AD0A1BD6263300E5503B /* Main.storyboard */; };
		8964AD0E1BD6263300E5503B /* Assets.xcassets in Resources */ = {isa = PBXBuildFile; fileRef = 8964AD0D1BD6263300E5503B /* Assets.xcassets */; };
		8964AD111BD6263300E5503B /* LaunchScreen.storyboard in Resources */ = {isa = PBXBuildFile; fileRef = 8964AD0F1BD6263300E5503B /* LaunchScreen.storyboard */; };
		8964AD1C1BD6263400E5503B /* metalgameTests.swift in Sources */ = {isa = PBXBuildFile; fileRef = 8964AD1B1BD6263400E5503B /* metalgameTests.swift */; };
		8964AD271BD6263400E5503B /* metalgameUITests.swift in Sources */ = {isa = PBXBuildFile; fileRef = 8964AD261BD6263400E5503B /* metalgameUITests.swift */; };
		8964AD351BD62F7D00E5503B /* MetalKit.framework in Frameworks */ = {isa = PBXBuildFile; fileRef = 8964AD341BD62F7D00E5503B /* MetalKit.framework */; settings = {ATTRIBUTES = (Weak, ); }; };
/* End PBXBuildFile section */

/* Begin PBXContainerItemProxy section */
		8964AD181BD6263400E5503B /* PBXContainerItemProxy */ = {
			isa = PBXContainerItemProxy;
			containerPortal = 8964ACF91BD6263300E5503B /* Project object */;
			proxyType = 1;
			remoteGlobalIDString = 8964AD001BD6263300E5503B;
			remoteInfo = metalgame;
		};
		8964AD231BD6263400E5503B /* PBXContainerItemProxy */ = {
			isa = PBXContainerItemProxy;
			containerPortal = 8964ACF91BD6263300E5503B /* Project object */;
			proxyType = 1;
			remoteGlobalIDString = 8964AD001BD6263300E5503B;
			remoteInfo = metalgame;
		};
/* End PBXContainerItemProxy section */

/* Begin PBXFileReference section */
		8964AD011BD6263300E5503B /* metalgame.app */ = {isa = PBXFileReference; explicitFileType = wrapper.application; includeInIndex = 0; path = metalgame.app; sourceTree = BUILT_PRODUCTS_DIR; };
		8964AD041BD6263300E5503B /* AppDelegate.swift */ = {isa = PBXFileReference; lastKnownFileType = sourcecode.swift; path = AppDelegate.swift; sourceTree = "<group>"; };
		8964AD061BD6263300E5503B /* GameViewController.swift */ = {isa = PBXFileReference; lastKnownFileType = sourcecode.swift; path = GameViewController.swift; sourceTree = "<group>"; };
		8964AD081BD6263300E5503B /* Shaders.metal */ = {isa = PBXFileReference; lastKnownFileType = sourcecode.metal; path = Shaders.metal; sourceTree = "<group>"; };
		8964AD0B1BD6263300E5503B /* Base */ = {isa = PBXFileReference; lastKnownFileType = file.storyboard; name = Base; path = Base.lproj/Main.storyboard; sourceTree = "<group>"; };
		8964AD0D1BD6263300E5503B /* Assets.xcassets */ = {isa = PBXFileReference; lastKnownFileType = folder.assetcatalog; path = Assets.xcassets; sourceTree = "<group>"; };
		8964AD101BD6263300E5503B /* Base */ = {isa = PBXFileReference; lastKnownFileType = file.storyboard; name = Base; path = Base.lproj/LaunchScreen.storyboard; sourceTree = "<group>"; };
		8964AD121BD6263300E5503B /* Info.plist */ = {isa = PBXFileReference; lastKnownFileType = text.plist.xml; path = Info.plist; sourceTree = "<group>"; };
		8964AD171BD6263400E5503B /* metalgameTests.xctest */ = {isa = PBXFileReference; explicitFileType = wrapper.cfbundle; includeInIndex = 0; path = metalgameTests.xctest; sourceTree = BUILT_PRODUCTS_DIR; };
		8964AD1B1BD6263400E5503B /* metalgameTests.swift */ = {isa = PBXFileReference; lastKnownFileType = sourcecode.swift; path = metalgameTests.swift; sourceTree = "<group>"; };
		8964AD1D1BD6263400E5503B /* Info.plist */ = {isa = PBXFileReference; lastKnownFileType = text.plist.xml; path = Info.plist; sourceTree = "<group>"; };
		8964AD221BD6263400E5503B /* metalgameUITests.xctest */ = {isa = PBXFileReference; explicitFileType = wrapper.cfbundle; includeInIndex = 0; path = metalgameUITests.xctest; sourceTree = BUILT_PRODUCTS_DIR; };
		8964AD261BD6263400E5503B /* metalgameUITests.swift */ = {isa = PBXFileReference; lastKnownFileType = sourcecode.swift; path = metalgameUITests.swift; sourceTree = "<group>"; };
		8964AD281BD6263400E5503B /* Info.plist */ = {isa = PBXFileReference; lastKnownFileType = text.plist.xml; path = Info.plist; sourceTree = "<group>"; };
		8964AD341BD62F7D00E5503B /* MetalKit.framework */ = {isa = PBXFileReference; lastKnownFileType = wrapper.framework; name = MetalKit.framework; path = System/Library/Frameworks/MetalKit.framework; sourceTree = SDKROOT; };
/* End PBXFileReference section */

/* Begin PBXFrameworksBuildPhase section */
		8964ACFE1BD6263300E5503B /* Frameworks */ = {
			isa = PBXFrameworksBuildPhase;
			buildActionMask = 2147483647;
			files = (
				8964AD351BD62F7D00E5503B /* MetalKit.framework in Frameworks */,
			);
			runOnlyForDeploymentPostprocessing = 0;
		};
		8964AD141BD6263400E5503B /* Frameworks */ = {
			isa = PBXFrameworksBuildPhase;
			buildActionMask = 2147483647;
			files = (
			);
			runOnlyForDeploymentPostprocessing = 0;
		};
		8964AD1F1BD6263400E5503B /* Frameworks */ = {
			isa = PBXFrameworksBuildPhase;
			buildActionMask = 2147483647;
			files = (
			);
			runOnlyForDeploymentPostprocessing = 0;
		};
/* End PBXFrameworksBuildPhase section */

/* Begin PBXGroup section */
		8964ACF81BD6263300E5503B = {
			isa = PBXGroup;
			children = (
				8964AD031BD6263300E5503B /* metalgame */,
				8964AD1A1BD6263400E5503B /* metalgameTests */,
				8964AD251BD6263400E5503B /* metalgameUITests */,
				8964AD021BD6263300E5503B /* Products */,
			);
			sourceTree = "<group>";
		};
		8964AD021BD6263300E5503B /* Products */ = {
			isa = PBXGroup;
			children = (
				8964AD011BD6263300E5503B /* metalgame.app */,
				8964AD171BD6263400E5503B /* metalgameTests.xctest */,
				8964AD221BD6263400E5503B /* metalgameUITests.xctest */,
			);
			name = Products;
			sourceTree = "<group>";
		};
		8964AD031BD6263300E5503B /* metalgame */ = {
			isa = PBXGroup;
			children = (
				8964AD341BD62F7D00E5503B /* MetalKit.framework */,
				8964AD041BD6263300E5503B /* AppDelegate.swift */,
				8964AD061BD6263300E5503B /* GameViewController.swift */,
				8964AD081BD6263300E5503B /* Shaders.metal */,
				8964AD0A1BD6263300E5503B /* Main.storyboard */,
				8964AD0D1BD6263300E5503B /* Assets.xcassets */,
				8964AD0F1BD6263300E5503B /* LaunchScreen.storyboard */,
				8964AD121BD6263300E5503B /* Info.plist */,
			);
			path = metalgame;
			sourceTree = "<group>";
		};
		8964AD1A1BD6263400E5503B /* metalgameTests */ = {
			isa = PBXGroup;
			children = (
				8964AD1B1BD6263400E5503B /* metalgameTests.swift */,
				8964AD1D1BD6263400E5503B /* Info.plist */,
			);
			path = metalgameTests;
			sourceTree = "<group>";
		};
		8964AD251BD6263400E5503B /* metalgameUITests */ = {
			isa = PBXGroup;
			children = (
				8964AD261BD6263400E5503B /* metalgameUITests.swift */,
				8964AD281BD6263400E5503B /* Info.plist */,
			);
			path = metalgameUITests;
			sourceTree = "<group>";
		};
/* End PBXGroup section */

/* Begin PBXNativeTarget section */
		8964AD001BD6263300E5503B /* metalgame */ = {
			isa = PBXNativeTarget;
			buildConfigurationList = 8964AD2B1BD6263400E5503B /* Build configuration list for PBXNativeTarget "metalgame" */;
			buildPhases = (
				8964ACFD1BD6263300E5503B /* Sources */,
				8964ACFE1BD6263300E5503B /* Frameworks */,
				8964ACFF1BD6263300E5503B /* Resources */,
			);
			buildRules = (
			);
			dependencies = (
			);
			name = metalgame;
			productName = metalgame;
			productReference = 8964AD011BD6263300E5503B /* metalgame.app */;
			productType = "com.apple.product-type.application";
		};
		8964AD161BD6263400E5503B /* metalgameTests */ = {
			isa = PBXNativeTarget;
			buildConfigurationList = 8964AD2E1BD6263400E5503B /* Build configuration list for PBXNativeTarget "metalgameTests" */;
			buildPhases = (
				8964AD131BD6263400E5503B /* Sources */,
				8964AD141BD6263400E5503B /* Frameworks */,
				8964AD151BD6263400E5503B /* Resources */,
			);
			buildRules = (
			);
			dependencies = (
				8964AD191BD6263400E5503B /* PBXTargetDependency */,
			);
			name = metalgameTests;
			productName = metalgameTests;
			productReference = 8964AD171BD6263400E5503B /* metalgameTests.xctest */;
			productType = "com.apple.product-type.bundle.unit-test";
		};
		8964AD211BD6263400E5503B /* metalgameUITests */ = {
			isa = PBXNativeTarget;
			buildConfigurationList = 8964AD311BD6263400E5503B /* Build configuration list for PBXNativeTarget "metalgameUITests" */;
			buildPhases = (
				8964AD1E1BD6263400E5503B /* Sources */,
				8964AD1F1BD6263400E5503B /* Frameworks */,
				8964AD201BD6263400E5503B /* Resources */,
			);
			buildRules = (
			);
			dependencies = (
				8964AD241BD6263400E5503B /* PBXTargetDependency */,
			);
			name = metalgameUITests;
			productName = metalgameUITests;
			productReference = 8964AD221BD6263400E5503B /* metalgameUITests.xctest */;
			productType = "com.apple.product-type.bundle.ui-testing";
		};
/* End PBXNativeTarget section */

/* Begin PBXProject section */
		8964ACF91BD6263300E5503B /* Project object */ = {
			isa = PBXProject;
			attributes = {
				LastSwiftUpdateCheck = 0710;
				LastUpgradeCheck = 0710;
				ORGANIZATIONNAME = "児玉晋";
				TargetAttributes = {
					8964AD001BD6263300E5503B = {
						CreatedOnToolsVersion = 7.1;
						DevelopmentTeam = U4Q367YKC6;
					};
					8964AD161BD6263400E5503B = {
						CreatedOnToolsVersion = 7.1;
						TestTargetID = 8964AD001BD6263300E5503B;
					};
					8964AD211BD6263400E5503B = {
						CreatedOnToolsVersion = 7.1;
						TestTargetID = 8964AD001BD6263300E5503B;
					};
				};
			};
			buildConfigurationList = 8964ACFC1BD6263300E5503B /* Build configuration list for PBXProject "metalgame" */;
			compatibilityVersion = "Xcode 3.2";
			developmentRegion = English;
			hasScannedForEncodings = 0;
			knownRegions = (
				en,
				Base,
			);
			mainGroup = 8964ACF81BD6263300E5503B;
			productRefGroup = 8964AD021BD6263300E5503B /* Products */;
			projectDirPath = "";
			projectRoot = "";
			targets = (
				8964AD001BD6263300E5503B /* metalgame */,
				8964AD161BD6263400E5503B /* metalgameTests */,
				8964AD211BD6263400E5503B /* metalgameUITests */,
			);
		};
/* End PBXProject section */

/* Begin PBXResourcesBuildPhase section */
		8964ACFF1BD6263300E5503B /* Resources */ = {
			isa = PBXResourcesBuildPhase;
			buildActionMask = 2147483647;
			files = (
				8964AD111BD6263300E5503B /* LaunchScreen.storyboard in Resources */,
				8964AD0E1BD6263300E5503B /* Assets.xcassets in Resources */,
				8964AD0C1BD6263300E5503B /* Main.storyboard in Resources */,
			);
			runOnlyForDeploymentPostprocessing = 0;
		};
		8964AD151BD6263400E5503B /* Resources */ = {
			isa = PBXResourcesBuildPhase;
			buildActionMask = 2147483647;
			files = (
			);
			runOnlyForDeploymentPostprocessing = 0;
		};
		8964AD201BD6263400E5503B /* Resources */ = {
			isa = PBXResourcesBuildPhase;
			buildActionMask = 2147483647;
			files = (
			);
			runOnlyForDeploymentPostprocessing = 0;
		};
/* End PBXResourcesBuildPhase section */

/* Begin PBXSourcesBuildPhase section */
		8964ACFD1BD6263300E5503B /* Sources */ = {
			isa = PBXSourcesBuildPhase;
			buildActionMask = 2147483647;
			files = (
				8964AD091BD6263300E5503B /* Shaders.metal in Sources */,
				8964AD071BD6263300E5503B /* GameViewController.swift in Sources */,
				8964AD051BD6263300E5503B /* AppDelegate.swift in Sources */,
			);
			runOnlyForDeploymentPostprocessing = 0;
		};
		8964AD131BD6263400E5503B /* Sources */ = {
			isa = PBXSourcesBuildPhase;
			buildActionMask = 2147483647;
			files = (
				8964AD1C1BD6263400E5503B /* metalgameTests.swift in Sources */,
			);
			runOnlyForDeploymentPostprocessing = 0;
		};
		8964AD1E1BD6263400E5503B /* Sources */ = {
			isa = PBXSourcesBuildPhase;
			buildActionMask = 2147483647;
			files = (
				8964AD271BD6263400E5503B /* metalgameUITests.swift in Sources */,
			);
			runOnlyForDeploymentPostprocessing = 0;
		};
/* End PBXSourcesBuildPhase section */

/* Begin PBXTargetDependency section */
		8964AD191BD6263400E5503B /* PBXTargetDependency */ = {
			isa = PBXTargetDependency;
			target = 8964AD001BD6263300E5503B /* metalgame */;
			targetProxy = 8964AD181BD6263400E5503B /* PBXContainerItemProxy */;
		};
		8964AD241BD6263400E5503B /* PBXTargetDependency */ = {
			isa = PBXTargetDependency;
			target = 8964AD001BD6263300E5503B /* metalgame */;
			targetProxy = 8964AD231BD6263400E5503B /* PBXContainerItemProxy */;
		};
/* End PBXTargetDependency section */

/* Begin PBXVariantGroup section */
		8964AD0A1BD6263300E5503B /* Main.storyboard */ = {
			isa = PBXVariantGroup;
			children = (
				8964AD0B1BD6263300E5503B /* Base */,
			);
			name = Main.storyboard;
			sourceTree = "<group>";
		};
		8964AD0F1BD6263300E5503B /* LaunchScreen.storyboard */ = {
			isa = PBXVariantGroup;
			children = (
				8964AD101BD6263300E5503B /* Base */,
			);
			name = LaunchScreen.storyboard;
			sourceTree = "<group>";
		};
/* End PBXVariantGroup section */

/* Begin XCBuildConfiguration section */
		8964AD291BD6263400E5503B /* Debug */ = {
			isa = XCBuildConfiguration;
			buildSettings = {
				ALWAYS_SEARCH_USER_PATHS = NO;
				CLANG_CXX_LANGUAGE_STANDARD = "gnu++0x";
				CLANG_CXX_LIBRARY = "libc++";
				CLANG_ENABLE_MODULES = YES;
				CLANG_ENABLE_OBJC_ARC = YES;
				CLANG_WARN_BOOL_CONVERSION = YES;
				CLANG_WARN_CONSTANT_CONVERSION = YES;
				CLANG_WARN_DIRECT_OBJC_ISA_USAGE = YES_ERROR;
				CLANG_WARN_EMPTY_BODY = YES;
				CLANG_WARN_ENUM_CONVERSION = YES;
				CLANG_WARN_INT_CONVERSION = YES;
				CLANG_WARN_OBJC_ROOT_CLASS = YES_ERROR;
				CLANG_WARN_UNREACHABLE_CODE = YES;
				CLANG_WARN__DUPLICATE_METHOD_MATCH = YES;
				"CODE_SIGN_IDENTITY[sdk=iphoneos*]" = "iPhone Developer";
				COPY_PHASE_STRIP = NO;
				DEBUG_INFORMATION_FORMAT = "dwarf-with-dsym";
				ENABLE_STRICT_OBJC_MSGSEND = YES;
				ENABLE_TESTABILITY = YES;
				GCC_C_LANGUAGE_STANDARD = gnu99;
				GCC_DYNAMIC_NO_PIC = NO;
				GCC_NO_COMMON_BLOCKS = YES;
				GCC_OPTIMIZATION_LEVEL = 0;
				GCC_PREPROCESSOR_DEFINITIONS = (
					"DEBUG=1",
					"$(inherited)",
				);
				GCC_WARN_64_TO_32_BIT_CONVERSION = YES;
				GCC_WARN_ABOUT_RETURN_TYPE = YES_ERROR;
				GCC_WARN_UNDECLARED_SELECTOR = YES;
				GCC_WARN_UNINITIALIZED_AUTOS = YES_AGGRESSIVE;
				GCC_WARN_UNUSED_FUNCTION = YES;
				GCC_WARN_UNUSED_VARIABLE = YES;
				IPHONEOS_DEPLOYMENT_TARGET = 8.0;
				MTL_ENABLE_DEBUG_INFO = YES;
				ONLY_ACTIVE_ARCH = YES;
				SDKROOT = iphoneos;
				SWIFT_OPTIMIZATION_LEVEL = "-Onone";
				TARGETED_DEVICE_FAMILY = "1,2";
			};
			name = Debug;
		};
		8964AD2A1BD6263400E5503B /* Release */ = {
			isa = XCBuildConfiguration;
			buildSettings = {
				ALWAYS_SEARCH_USER_PATHS = NO;
				CLANG_CXX_LANGUAGE_STANDARD = "gnu++0x";
				CLANG_CXX_LIBRARY = "libc++";
				CLANG_ENABLE_MODULES = YES;
				CLANG_ENABLE_OBJC_ARC = YES;
				CLANG_WARN_BOOL_CONVERSION = YES;
				CLANG_WARN_CONSTANT_CONVERSION = YES;
				CLANG_WARN_DIRECT_OBJC_ISA_USAGE = YES_ERROR;
				CLANG_WARN_EMPTY_BODY = YES;
				CLANG_WARN_ENUM_CONVERSION = YES;
				CLANG_WARN_INT_CONVERSION = YES;
				CLANG_WARN_OBJC_ROOT_CLASS = YES_ERROR;
				CLANG_WARN_UNREACHABLE_CODE = YES;
				CLANG_WARN__DUPLICATE_METHOD_MATCH = YES;
				"CODE_SIGN_IDENTITY[sdk=iphoneos*]" = "iPhone Developer";
				COPY_PHASE_STRIP = NO;
				DEBUG_INFORMATION_FORMAT = "dwarf-with-dsym";
				ENABLE_NS_ASSERTIONS = NO;
				ENABLE_STRICT_OBJC_MSGSEND = YES;
				GCC_C_LANGUAGE_STANDARD = gnu99;
				GCC_NO_COMMON_BLOCKS = YES;
				GCC_WARN_64_TO_32_BIT_CONVERSION = YES;
				GCC_WARN_ABOUT_RETURN_TYPE = YES_ERROR;
				GCC_WARN_UNDECLARED_SELECTOR = YES;
				GCC_WARN_UNINITIALIZED_AUTOS = YES_AGGRESSIVE;
				GCC_WARN_UNUSED_FUNCTION = YES;
				GCC_WARN_UNUSED_VARIABLE = YES;
				IPHONEOS_DEPLOYMENT_TARGET = 8.0;
				MTL_ENABLE_DEBUG_INFO = NO;
				SDKROOT = iphoneos;
				TARGETED_DEVICE_FAMILY = "1,2";
				VALIDATE_PRODUCT = YES;
			};
			name = Release;
		};
		8964AD2C1BD6263400E5503B /* Debug */ = {
			isa = XCBuildConfiguration;
			buildSettings = {
				ASSETCATALOG_COMPILER_APPICON_NAME = AppIcon;
				CODE_SIGN_IDENTITY = "iPhone Developer";
				INFOPLIST_FILE = metalgame/Info.plist;
				IPHONEOS_DEPLOYMENT_TARGET = 9.0;
				LD_RUNPATH_SEARCH_PATHS = "$(inherited) @executable_path/Frameworks";
				PRODUCT_BUNDLE_IDENTIFIER = kdm.metalgame;
				PRODUCT_NAME = "$(TARGET_NAME)";
			};
			name = Debug;
		};
		8964AD2D1BD6263400E5503B /* Release */ = {
			isa = XCBuildConfiguration;
			buildSettings = {
				ASSETCATALOG_COMPILER_APPICON_NAME = AppIcon;
				CODE_SIGN_IDENTITY = "iPhone Developer";
				INFOPLIST_FILE = metalgame/Info.plist;
				IPHONEOS_DEPLOYMENT_TARGET = 9.0;
				LD_RUNPATH_SEARCH_PATHS = "$(inherited) @executable_path/Frameworks";
				PRODUCT_BUNDLE_IDENTIFIER = kdm.metalgame;
				PRODUCT_NAME = "$(TARGET_NAME)";
			};
			name = Release;
		};
		8964AD2F1BD6263400E5503B /* Debug */ = {
			isa = XCBuildConfiguration;
			buildSettings = {
				BUNDLE_LOADER = "$(TEST_HOST)";
				DEBUG_INFORMATION_FORMAT = dwarf;
				INFOPLIST_FILE = metalgameTests/Info.plist;
				LD_RUNPATH_SEARCH_PATHS = "$(inherited) @executable_path/Frameworks @loader_path/Frameworks";
				PRODUCT_BUNDLE_IDENTIFIER = kdm.metalgameTests;
				PRODUCT_NAME = "$(TARGET_NAME)";
				TEST_HOST = "$(BUILT_PRODUCTS_DIR)/metalgame.app/metalgame";
			};
			name = Debug;
		};
		8964AD301BD6263400E5503B /* Release */ = {
			isa = XCBuildConfiguration;
			buildSettings = {
				BUNDLE_LOADER = "$(TEST_HOST)";
				INFOPLIST_FILE = metalgameTests/Info.plist;
				LD_RUNPATH_SEARCH_PATHS = "$(inherited) @executable_path/Frameworks @loader_path/Frameworks";
				PRODUCT_BUNDLE_IDENTIFIER = kdm.metalgameTests;
				PRODUCT_NAME = "$(TARGET_NAME)";
				TEST_HOST = "$(BUILT_PRODUCTS_DIR)/metalgame.app/metalgame";
			};
			name = Release;
		};
		8964AD321BD6263400E5503B /* Debug */ = {
			isa = XCBuildConfiguration;
			buildSettings = {
				DEBUG_INFORMATION_FORMAT = dwarf;
				INFOPLIST_FILE = metalgameUITests/Info.plist;
				LD_RUNPATH_SEARCH_PATHS = "$(inherited) @executable_path/Frameworks @loader_path/Frameworks";
				PRODUCT_BUNDLE_IDENTIFIER = kdm.metalgameUITests;
				PRODUCT_NAME = "$(TARGET_NAME)";
				TEST_TARGET_NAME = metalgame;
				USES_XCTRUNNER = YES;
			};
			name = Debug;
		};
		8964AD331BD6263400E5503B /* Release */ = {
			isa = XCBuildConfiguration;
			buildSettings = {
				INFOPLIST_FILE = metalgameUITests/Info.plist;
				LD_RUNPATH_SEARCH_PATHS = "$(inherited) @executable_path/Frameworks @loader_path/Frameworks";
				PRODUCT_BUNDLE_IDENTIFIER = kdm.metalgameUITests;
				PRODUCT_NAME = "$(TARGET_NAME)";
				TEST_TARGET_NAME = metalgame;
				USES_XCTRUNNER = YES;
			};
			name = Release;
		};
/* End XCBuildConfiguration section */

/* Begin XCConfigurationList section */
		8964ACFC1BD6263300E5503B /* Build configuration list for PBXProject "metalgame" */ = {
			isa = XCConfigurationList;
			buildConfigurations = (
				8964AD291BD6263400E5503B /* Debug */,
				8964AD2A1BD6263400E5503B /* Release */,
			);
			defaultConfigurationIsVisible = 0;
			defaultConfigurationName = Release;
		};
		8964AD2B1BD6263400E5503B /* Build configuration list for PBXNativeTarget "metalgame" */ = {
			isa = XCConfigurationList;
			buildConfigurations = (
				8964AD2C1BD6263400E5503B /* Debug */,
				8964AD2D1BD6263400E5503B /* Release */,
			);
			defaultConfigurationIsVisible = 0;
			defaultConfigurationName = Release;
		};
		8964AD2E1BD6263400E5503B /* Build configuration list for PBXNativeTarget "metalgameTests" */ = {
			isa = XCConfigurationList;
			buildConfigurations = (
				8964AD2F1BD6263400E5503B /* Debug */,
				8964AD301BD6263400E5503B /* Release */,
			);
			defaultConfigurationIsVisible = 0;
			defaultConfigurationName = Release;
		};
		8964AD311BD6263400E5503B /* Build configuration list for PBXNativeTarget "metalgameUITests" */ = {
			isa = XCConfigurationList;
			buildConfigurations = (
				8964AD321BD6263400E5503B /* Debug */,
				8964AD331BD6263400E5503B /* Release */,
			);
			defaultConfigurationIsVisible = 0;
			defaultConfigurationName = Release;
		};
/* End XCConfigurationList section */
	};
	rootObject = 8964ACF91BD6263300E5503B /* Project object */;
}
